<?xml version="1.0" encoding="utf-8"?>
<Project ToolsVersion="4.0" xmlns="http://schemas.microsoft.com/developer/msbuild/2003">
  <ItemGroup>
    <Filter Include="Fichiers sources">
      <UniqueIdentifier>{4FC737F1-C7A5-4376-A066-2A32D752A2FF}</UniqueIdentifier>
      <Extensions>cpp;c;cc;cxx;c++;cppm;ixx;def;odl;idl;hpj;bat;asm;asmx</Extensions>
    </Filter>
    <Filter Include="Fichiers d%27en-tête">
      <UniqueIdentifier>{93995380-89BD-4b04-88EB-625FBE52EBFB}</UniqueIdentifier>
      <Extensions>h;hh;hpp;hxx;h++;hm;inl;inc;ipp;xsd</Extensions>
    </Filter>
    <Filter Include="Fichiers de ressources">
      <UniqueIdentifier>{67DA6AB6-F800-4c08-8B7A-83BB121AAD01}</UniqueIdentifier>
      <Extensions>rc;ico;cur;bmp;dlg;rc2;rct;bin;rgs;gif;jpg;jpeg;jpe;resx;tiff;tif;png;wav;mfcribbon-ms</Extensions>
    </Filter>
    <Filter Include="Fichiers d%27en-tête\Entités">
      <UniqueIdentifier>{3fd3ab78-fc0b-4442-a05a-524146dfe3ce}</UniqueIdentifier>
    </Filter>
    <Filter Include="Fichiers d%27en-tête\Entités\FichierHero">
      <UniqueIdentifier>{020750ad-a490-4d7e-9531-45410e59b532}</UniqueIdentifier>
    </Filter>
    <Filter Include="Fichiers d%27en-tête\Entités\Monstres">
      <UniqueIdentifier>{3e9b58c1-9173-4846-a5d3-1c21d25bd89f}</UniqueIdentifier>
    </Filter>
    <Filter Include="Fichiers d%27en-tête\Inventaire">
      <UniqueIdentifier>{085af912-1a94-45f6-853e-a8ef96ddb516}</UniqueIdentifier>
    </Filter>
    <Filter Include="Fichiers d%27en-tête\GUI">
      <UniqueIdentifier>{ba89f1c4-0eb5-4c05-84f2-4d088322bdd5}</UniqueIdentifier>
    </Filter>
    <Filter Include="Fichiers d%27en-tête\Entités\FichierHero\Metier">
      <UniqueIdentifier>{c0e0ba75-b410-4332-a82e-92e4d20081d0}</UniqueIdentifier>
    </Filter>
    <Filter Include="Fichiers d%27en-tête\GUI\Combat">
      <UniqueIdentifier>{f3cefad2-ed4e-485a-8503-1a24ddaf15a1}</UniqueIdentifier>
    </Filter>
  </ItemGroup>
  <ItemGroup>
    <ClCompile Include="main.cpp">
      <Filter>Fichiers sources</Filter>
    </ClCompile>
  </ItemGroup>
  <ItemGroup>
    <ClInclude Include="Barbare.hpp">
      <Filter>Fichiers d%27en-tête\Entités\FichierHero</Filter>
    </ClInclude>
    <ClInclude Include="Elfe.hpp">
      <Filter>Fichiers d%27en-tête\Entités\FichierHero</Filter>
    </ClInclude>
    <ClInclude Include="Heros.hpp">
      <Filter>Fichiers d%27en-tête\Entités\FichierHero</Filter>
    </ClInclude>
    <ClInclude Include="Humain.hpp">
      <Filter>Fichiers d%27en-tête\Entités\FichierHero</Filter>
    </ClInclude>
    <ClInclude Include="Nain.hpp">
      <Filter>Fichiers d%27en-tête\Entités\FichierHero</Filter>
    </ClInclude>
    <ClInclude Include="Game.hpp">
      <Filter>Fichiers d%27en-tête</Filter>
    </ClInclude>
    <ClInclude Include="Combat.hpp">
      <Filter>Fichiers d%27en-tête</Filter>
    </ClInclude>
    <ClInclude Include="CanardExplosif.hpp">
      <Filter>Fichiers d%27en-tête\Entités\Monstres</Filter>
    </ClInclude>
    <ClInclude Include="GobelinSarcastique.hpp">
      <Filter>Fichiers d%27en-tête\Entités\Monstres</Filter>
    </ClInclude>
    <ClInclude Include="TrollRhetoricien.hpp">
      <Filter>Fichiers d%27en-tête\Entités\Monstres</Filter>
    </ClInclude>
    <ClInclude Include="Metier.hpp">
      <Filter>Fichiers d%27en-tête\Entités\FichierHero</Filter>
    </ClInclude>
    <ClInclude Include="Personnages.hpp">
      <Filter>Fichiers d%27en-tête\Entités</Filter>
    </ClInclude>
    <ClInclude Include="Monstre.hpp">
      <Filter>Fichiers d%27en-tête\Entités\Monstres</Filter>
    </ClInclude>
    <ClInclude Include="Asset.hpp">
      <Filter>Fichiers d%27en-tête\Inventaire</Filter>
    </ClInclude>
    <ClInclude Include="calcul_new_poids.hpp">
      <Filter>Fichiers d%27en-tête\Inventaire</Filter>
    </ClInclude>
    <ClInclude Include="Item.h">
      <Filter>Fichiers d%27en-tête\Inventaire</Filter>
    </ClInclude>
    <ClInclude Include="Item_sous_classe.h">
      <Filter>Fichiers d%27en-tête\Inventaire</Filter>
    </ClInclude>
    <ClInclude Include="SlimeGUI.hpp">
      <Filter>Fichiers d%27en-tête\GUI</Filter>
    </ClInclude>
    <ClInclude Include="Player.hpp">
      <Filter>Fichiers d%27en-tête\GUI</Filter>
    </ClInclude>
    <ClInclude Include="pnj.hpp">
      <Filter>Fichiers d%27en-tête\GUI</Filter>
    </ClInclude>
    <ClInclude Include="Map.hpp">
      <Filter>Fichiers d%27en-tête\GUI</Filter>
    </ClInclude>
    <ClInclude Include="Entity.hpp">
      <Filter>Fichiers d%27en-tête\GUI</Filter>
    </ClInclude>
    <ClInclude Include="Guerrier.hpp">
      <Filter>Fichiers d%27en-tête\Entités\FichierHero\Metier</Filter>
    </ClInclude>
    <ClInclude Include="Magicien.hpp">
      <Filter>Fichiers d%27en-tête\Entités\FichierHero\Metier</Filter>
    </ClInclude>
    <ClInclude Include="ObserverMetier.hpp">
      <Filter>Fichiers d%27en-tête\Entités\FichierHero\Metier</Filter>
    </ClInclude>
    <ClInclude Include="Ranger.hpp">
      <Filter>Fichiers d%27en-tête\Entités\FichierHero\Metier</Filter>
    </ClInclude>
    <ClInclude Include="Voleur.hpp">
      <Filter>Fichiers d%27en-tête\Entités\FichierHero\Metier</Filter>
    </ClInclude>
    <ClInclude Include="GobelinGUI.hpp">
      <Filter>Fichiers d%27en-tête\GUI</Filter>
    </ClInclude>
    <ClInclude Include="TrollGUI.hpp">
      <Filter>Fichiers d%27en-tête\GUI</Filter>
    </ClInclude>
    <ClInclude Include="CharacterGraphique.hpp">
      <Filter>Fichiers d%27en-tête\GUI\Combat</Filter>
    </ClInclude>
    <ClInclude Include="CombatGobelin.hpp">
      <Filter>Fichiers d%27en-tête\GUI\Combat</Filter>
    </ClInclude>
    <ClInclude Include="CombatSlime.hpp">
      <Filter>Fichiers d%27en-tête\GUI\Combat</Filter>
    </ClInclude>
    <ClInclude Include="CombatTroll.hpp">
      <Filter>Fichiers d%27en-tête\GUI\Combat</Filter>
    </ClInclude>
    <ClInclude Include="CombatCanard.hpp">
      <Filter>Fichiers d%27en-tête\GUI\Combat</Filter>
    </ClInclude>
  </ItemGroup>
</Project>